
Microsoft Visual Studio Solution File, Format Version 12.00
# Visual Studio Version 17
VisualStudioVersion = 17.0.31903.59
MinimumVisualStudioVersion = 10.0.40219.1
Project("{FAE04EC0-301F-11D3-BF4B-00C04F79EFBC}") = "Client", "Client\Client.csproj", "{C22773FB-10FF-403B-ACF5-C7675B3CDA98}"
EndProject
Project("{FAE04EC0-301F-11D3-BF4B-00C04F79EFBC}") = "Server.Core", "Server.Core\Server.Core.csproj", "{00E6FE07-ECA1-48D2-BA83-3F75C4D65748}"
EndProject
Project("{FAE04EC0-301F-11D3-BF4B-00C04F79EFBC}") = "Server.Functions", "Server.Functions\Server.Functions.csproj", "{1612512C-7574-4267-BECE-93FEAEF5A78F}"
EndProject
Project("{FAE04EC0-301F-11D3-BF4B-00C04F79EFBC}") = "Shared", "Shared\Shared.csproj", "{8F0ADB8C-D238-4571-BF4E-8DB76E4018A8}"
EndProject
Project("{FAE04EC0-301F-11D3-BF4B-00C04F79EFBC}") = "Server.Core.Tests", "Server.Core.Tests\Server.Core.Tests.csproj", "{5A856409-9FA3-4C23-B65B-3BCA7275EBC1}"
EndProject
Global
	GlobalSection(SolutionConfigurationPlatforms) = preSolution
		Debug|Any CPU = Debug|Any CPU
		Release|Any CPU = Release|Any CPU
	EndGlobalSection
	GlobalSection(SolutionProperties) = preSolution
		HideSolutionNode = FALSE
	EndGlobalSection
	GlobalSection(ProjectConfigurationPlatforms) = postSolution
		{C22773FB-10FF-403B-ACF5-C7675B3CDA98}.Debug|Any CPU.ActiveCfg = Debug|Any CPU
		{C22773FB-10FF-403B-ACF5-C7675B3CDA98}.Debug|Any CPU.Build.0 = Debug|Any CPU
		{C22773FB-10FF-403B-ACF5-C7675B3CDA98}.Release|Any CPU.ActiveCfg = Release|Any CPU
		{C22773FB-10FF-403B-ACF5-C7675B3CDA98}.Release|Any CPU.Build.0 = Release|Any CPU
		{00E6FE07-ECA1-48D2-BA83-3F75C4D65748}.Debug|Any CPU.ActiveCfg = Debug|Any CPU
		{00E6FE07-ECA1-48D2-BA83-3F75C4D65748}.Debug|Any CPU.Build.0 = Debug|Any CPU
		{00E6FE07-ECA1-48D2-BA83-3F75C4D65748}.Release|Any CPU.ActiveCfg = Release|Any CPU
		{00E6FE07-ECA1-48D2-BA83-3F75C4D65748}.Release|Any CPU.Build.0 = Release|Any CPU
		{1612512C-7574-4267-BECE-93FEAEF5A78F}.Debug|Any CPU.ActiveCfg = Debug|Any CPU
		{1612512C-7574-4267-BECE-93FEAEF5A78F}.Debug|Any CPU.Build.0 = Debug|Any CPU
		{1612512C-7574-4267-BECE-93FEAEF5A78F}.Release|Any CPU.ActiveCfg = Release|Any CPU
		{1612512C-7574-4267-BECE-93FEAEF5A78F}.Release|Any CPU.Build.0 = Release|Any CPU
		{8F0ADB8C-D238-4571-BF4E-8DB76E4018A8}.Debug|Any CPU.ActiveCfg = Debug|Any CPU
		{8F0ADB8C-D238-4571-BF4E-8DB76E4018A8}.Debug|Any CPU.Build.0 = Debug|Any CPU
		{8F0ADB8C-D238-4571-BF4E-8DB76E4018A8}.Release|Any CPU.ActiveCfg = Release|Any CPU
		{8F0ADB8C-D238-4571-BF4E-8DB76E4018A8}.Release|Any CPU.Build.0 = Release|Any CPU
		{5A856409-9FA3-4C23-B65B-3BCA7275EBC1}.Debug|Any CPU.ActiveCfg = Debug|Any CPU
		{5A856409-9FA3-4C23-B65B-3BCA7275EBC1}.Debug|Any CPU.Build.0 = Debug|Any CPU
		{5A856409-9FA3-4C23-B65B-3BCA7275EBC1}.Release|Any CPU.ActiveCfg = Release|Any CPU
		{5A856409-9FA3-4C23-B65B-3BCA7275EBC1}.Release|Any CPU.Build.0 = Release|Any CPU
	EndGlobalSection
EndGlobal
