
Microsoft Visual Studio Solution File, Format Version 12.00
# Visual Studio Version 17
VisualStudioVersion = 17.0.31903.59
MinimumVisualStudioVersion = 10.0.40219.1
Project("{2150E333-8FDC-42A3-9474-1A3956D46DE8}") = "src", "src", "{E200869F-7543-42DC-B738-41DF45D5D80F}"
EndProject
Project("{FAE04EC0-301F-11D3-BF4B-00C04F79EFBC}") = "Client", "src\Client\Client.csproj", "{13B84404-678C-49BF-80A1-CC461B527B46}"
EndProject
Project("{FAE04EC0-301F-11D3-BF4B-00C04F79EFBC}") = "Server.Core", "src\Server.Core\Server.Core.csproj", "{62612C05-165E-4CED-A430-7F494E67FCB0}"
EndProject
Project("{FAE04EC0-301F-11D3-BF4B-00C04F79EFBC}") = "Server.Core.SourceGenerators", "src\Server.Core.SourceGenerators\Server.Core.SourceGenerators.csproj", "{9001A34D-B4F0-49DE-8FCC-59A3C1632C4E}"
EndProject
Project("{FAE04EC0-301F-11D3-BF4B-00C04F79EFBC}") = "Server.Functions", "src\Server.Functions\Server.Functions.csproj", "{3E2A85E5-F2B0-42FB-B64D-9949367BE4D9}"
EndProject
Project("{FAE04EC0-301F-11D3-BF4B-00C04F79EFBC}") = "Shared", "src\Shared\Shared.csproj", "{504AC78E-F35B-4372-829D-68A69666AD41}"
EndProject
Project("{2150E333-8FDC-42A3-9474-1A3956D46DE8}") = "test", "test", "{AE814F9B-4866-4BF4-901C-7C13A3A289E8}"
EndProject
Project("{FAE04EC0-301F-11D3-BF4B-00C04F79EFBC}") = "Server.Core.Tests", "test\Server.Core.Tests\Server.Core.Tests.csproj", "{9E087F40-9D38-401C-92E3-08372A2A54A0}"
EndProject
Global
	GlobalSection(SolutionConfigurationPlatforms) = preSolution
		Debug|Any CPU = Debug|Any CPU
		Release|Any CPU = Release|Any CPU
	EndGlobalSection
	GlobalSection(SolutionProperties) = preSolution
		HideSolutionNode = FALSE
	EndGlobalSection
	GlobalSection(ProjectConfigurationPlatforms) = postSolution
		{13B84404-678C-49BF-80A1-CC461B527B46}.Debug|Any CPU.ActiveCfg = Debug|Any CPU
		{13B84404-678C-49BF-80A1-CC461B527B46}.Debug|Any CPU.Build.0 = Debug|Any CPU
		{13B84404-678C-49BF-80A1-CC461B527B46}.Release|Any CPU.ActiveCfg = Release|Any CPU
		{13B84404-678C-49BF-80A1-CC461B527B46}.Release|Any CPU.Build.0 = Release|Any CPU
		{62612C05-165E-4CED-A430-7F494E67FCB0}.Debug|Any CPU.ActiveCfg = Debug|Any CPU
		{62612C05-165E-4CED-A430-7F494E67FCB0}.Debug|Any CPU.Build.0 = Debug|Any CPU
		{62612C05-165E-4CED-A430-7F494E67FCB0}.Release|Any CPU.ActiveCfg = Release|Any CPU
		{62612C05-165E-4CED-A430-7F494E67FCB0}.Release|Any CPU.Build.0 = Release|Any CPU
		{9001A34D-B4F0-49DE-8FCC-59A3C1632C4E}.Debug|Any CPU.ActiveCfg = Debug|Any CPU
		{9001A34D-B4F0-49DE-8FCC-59A3C1632C4E}.Debug|Any CPU.Build.0 = Debug|Any CPU
		{9001A34D-B4F0-49DE-8FCC-59A3C1632C4E}.Release|Any CPU.ActiveCfg = Release|Any CPU
		{9001A34D-B4F0-49DE-8FCC-59A3C1632C4E}.Release|Any CPU.Build.0 = Release|Any CPU
		{3E2A85E5-F2B0-42FB-B64D-9949367BE4D9}.Debug|Any CPU.ActiveCfg = Debug|Any CPU
		{3E2A85E5-F2B0-42FB-B64D-9949367BE4D9}.Debug|Any CPU.Build.0 = Debug|Any CPU
		{3E2A85E5-F2B0-42FB-B64D-9949367BE4D9}.Release|Any CPU.ActiveCfg = Release|Any CPU
		{3E2A85E5-F2B0-42FB-B64D-9949367BE4D9}.Release|Any CPU.Build.0 = Release|Any CPU
		{504AC78E-F35B-4372-829D-68A69666AD41}.Debug|Any CPU.ActiveCfg = Debug|Any CPU
		{504AC78E-F35B-4372-829D-68A69666AD41}.Debug|Any CPU.Build.0 = Debug|Any CPU
		{504AC78E-F35B-4372-829D-68A69666AD41}.Release|Any CPU.ActiveCfg = Release|Any CPU
		{504AC78E-F35B-4372-829D-68A69666AD41}.Release|Any CPU.Build.0 = Release|Any CPU
		{9E087F40-9D38-401C-92E3-08372A2A54A0}.Debug|Any CPU.ActiveCfg = Debug|Any CPU
		{9E087F40-9D38-401C-92E3-08372A2A54A0}.Debug|Any CPU.Build.0 = Debug|Any CPU
		{9E087F40-9D38-401C-92E3-08372A2A54A0}.Release|Any CPU.ActiveCfg = Release|Any CPU
		{9E087F40-9D38-401C-92E3-08372A2A54A0}.Release|Any CPU.Build.0 = Release|Any CPU
	EndGlobalSection
	GlobalSection(NestedProjects) = preSolution
		{13B84404-678C-49BF-80A1-CC461B527B46} = {E200869F-7543-42DC-B738-41DF45D5D80F}
		{62612C05-165E-4CED-A430-7F494E67FCB0} = {E200869F-7543-42DC-B738-41DF45D5D80F}
		{9001A34D-B4F0-49DE-8FCC-59A3C1632C4E} = {E200869F-7543-42DC-B738-41DF45D5D80F}
		{3E2A85E5-F2B0-42FB-B64D-9949367BE4D9} = {E200869F-7543-42DC-B738-41DF45D5D80F}
		{504AC78E-F35B-4372-829D-68A69666AD41} = {E200869F-7543-42DC-B738-41DF45D5D80F}
		{9E087F40-9D38-401C-92E3-08372A2A54A0} = {AE814F9B-4866-4BF4-901C-7C13A3A289E8}
	EndGlobalSection
EndGlobal
